// !$*UTF8*$!
{
	archiveVersion = 1;
	classes = {
	};
	objectVersion = 46;
	objects = {

/* Begin PBXBuildFile section */
		9FD1FED41A9FB61B00C78A08 /* AppDelegate.swift in Sources */ = {isa = PBXBuildFile; fileRef = 9FD1FED31A9FB61B00C78A08 /* AppDelegate.swift */; };
		9FD1FED61A9FB61B00C78A08 /* ViewController.swift in Sources */ = {isa = PBXBuildFile; fileRef = 9FD1FED51A9FB61B00C78A08 /* ViewController.swift */; };
		9FD1FED91A9FB61B00C78A08 /* Main.storyboard in Resources */ = {isa = PBXBuildFile; fileRef = 9FD1FED71A9FB61B00C78A08 /* Main.storyboard */; };
		9FD1FEDB1A9FB61B00C78A08 /* Images.xcassets in Resources */ = {isa = PBXBuildFile; fileRef = 9FD1FEDA1A9FB61B00C78A08 /* Images.xcassets */; };
		9FD1FEDE1A9FB61B00C78A08 /* LaunchScreen.xib in Resources */ = {isa = PBXBuildFile; fileRef = 9FD1FEDC1A9FB61B00C78A08 /* LaunchScreen.xib */; };
		9FD1FEEA1A9FB61C00C78A08 /* WebSocketDemoTests.swift in Sources */ = {isa = PBXBuildFile; fileRef = 9FD1FEE91A9FB61C00C78A08 /* WebSocketDemoTests.swift */; };
/* End PBXBuildFile section */

/* Begin PBXContainerItemProxy section */
		9FD1FEE41A9FB61C00C78A08 /* PBXContainerItemProxy */ = {
			isa = PBXContainerItemProxy;
			containerPortal = 9FD1FEC61A9FB61B00C78A08 /* Project object */;
			proxyType = 1;
			remoteGlobalIDString = 9FD1FECD1A9FB61B00C78A08;
			remoteInfo = WebSocketDemo;
		};
/* End PBXContainerItemProxy section */

/* Begin PBXFileReference section */
		9FD1FECE1A9FB61B00C78A08 /* WebSocketDemo.app */ = {isa = PBXFileReference; explicitFileType = wrapper.application; includeInIndex = 0; path = WebSocketDemo.app; sourceTree = BUILT_PRODUCTS_DIR; };
		9FD1FED21A9FB61B00C78A08 /* Info.plist */ = {isa = PBXFileReference; lastKnownFileType = text.plist.xml; path = Info.plist; sourceTree = "<group>"; };
		9FD1FED31A9FB61B00C78A08 /* AppDelegate.swift */ = {isa = PBXFileReference; lastKnownFileType = sourcecode.swift; path = AppDelegate.swift; sourceTree = "<group>"; };
		9FD1FED51A9FB61B00C78A08 /* ViewController.swift */ = {isa = PBXFileReference; lastKnownFileType = sourcecode.swift; path = ViewController.swift; sourceTree = "<group>"; };
		9FD1FED81A9FB61B00C78A08 /* Base */ = {isa = PBXFileReference; lastKnownFileType = file.storyboard; name = Base; path = Base.lproj/Main.storyboard; sourceTree = "<group>"; };
		9FD1FEDA1A9FB61B00C78A08 /* Images.xcassets */ = {isa = PBXFileReference; lastKnownFileType = folder.assetcatalog; path = Images.xcassets; sourceTree = "<group>"; };
		9FD1FEDD1A9FB61B00C78A08 /* Base */ = {isa = PBXFileReference; lastKnownFileType = file.xib; name = Base; path = Base.lproj/LaunchScreen.xib; sourceTree = "<group>"; };
		9FD1FEE31A9FB61C00C78A08 /* WebSocketDemoTests.xctest */ = {isa = PBXFileReference; explicitFileType = wrapper.cfbundle; includeInIndex = 0; path = WebSocketDemoTests.xctest; sourceTree = BUILT_PRODUCTS_DIR; };
		9FD1FEE81A9FB61C00C78A08 /* Info.plist */ = {isa = PBXFileReference; lastKnownFileType = text.plist.xml; path = Info.plist; sourceTree = "<group>"; };
		9FD1FEE91A9FB61C00C78A08 /* WebSocketDemoTests.swift */ = {isa = PBXFileReference; lastKnownFileType = sourcecode.swift; path = WebSocketDemoTests.swift; sourceTree = "<group>"; };
/* End PBXFileReference section */

/* Begin PBXFrameworksBuildPhase section */
		9FD1FECB1A9FB61B00C78A08 /* Frameworks */ = {
			isa = PBXFrameworksBuildPhase;
			buildActionMask = 2147483647;
			files = (
			);
			runOnlyForDeploymentPostprocessing = 0;
		};
		9FD1FEE01A9FB61C00C78A08 /* Frameworks */ = {
			isa = PBXFrameworksBuildPhase;
			buildActionMask = 2147483647;
			files = (
			);
			runOnlyForDeploymentPostprocessing = 0;
		};
/* End PBXFrameworksBuildPhase section */

/* Begin PBXGroup section */
		9FD1FEC51A9FB61B00C78A08 = {
			isa = PBXGroup;
			children = (
				9FD1FED01A9FB61B00C78A08 /* WebSocketDemo */,
				9FD1FEE61A9FB61C00C78A08 /* WebSocketDemoTests */,
				9FD1FECF1A9FB61B00C78A08 /* Products */,
			);
			sourceTree = "<group>";
		};
		9FD1FECF1A9FB61B00C78A08 /* Products */ = {
			isa = PBXGroup;
			children = (
				9FD1FECE1A9FB61B00C78A08 /* WebSocketDemo.app */,
				9FD1FEE31A9FB61C00C78A08 /* WebSocketDemoTests.xctest */,
			);
			name = Products;
			sourceTree = "<group>";
		};
		9FD1FED01A9FB61B00C78A08 /* WebSocketDemo */ = {
			isa = PBXGroup;
			children = (
				9FD1FED31A9FB61B00C78A08 /* AppDelegate.swift */,
				9FD1FED51A9FB61B00C78A08 /* ViewController.swift */,
				9FD1FED71A9FB61B00C78A08 /* Main.storyboard */,
				9FD1FEDA1A9FB61B00C78A08 /* Images.xcassets */,
				9FD1FEDC1A9FB61B00C78A08 /* LaunchScreen.xib */,
				9FD1FED11A9FB61B00C78A08 /* Supporting Files */,
			);
			path = WebSocketDemo;
			sourceTree = "<group>";
		};
		9FD1FED11A9FB61B00C78A08 /* Supporting Files */ = {
			isa = PBXGroup;
			children = (
				9FD1FED21A9FB61B00C78A08 /* Info.plist */,
			);
			name = "Supporting Files";
			sourceTree = "<group>";
		};
		9FD1FEE61A9FB61C00C78A08 /* WebSocketDemoTests */ = {
			isa = PBXGroup;
			children = (
				9FD1FEE91A9FB61C00C78A08 /* WebSocketDemoTests.swift */,
				9FD1FEE71A9FB61C00C78A08 /* Supporting Files */,
			);
			path = WebSocketDemoTests;
			sourceTree = "<group>";
		};
		9FD1FEE71A9FB61C00C78A08 /* Supporting Files */ = {
			isa = PBXGroup;
			children = (
				9FD1FEE81A9FB61C00C78A08 /* Info.plist */,
			);
			name = "Supporting Files";
			sourceTree = "<group>";
		};
/* End PBXGroup section */

/* Begin PBXNativeTarget section */
		9FD1FECD1A9FB61B00C78A08 /* WebSocketDemo */ = {
			isa = PBXNativeTarget;
			buildConfigurationList = 9FD1FEED1A9FB61C00C78A08 /* Build configuration list for PBXNativeTarget "WebSocketDemo" */;
			buildPhases = (
				9FD1FECA1A9FB61B00C78A08 /* Sources */,
				9FD1FECB1A9FB61B00C78A08 /* Frameworks */,
				9FD1FECC1A9FB61B00C78A08 /* Resources */,
			);
			buildRules = (
			);
			dependencies = (
			);
			name = WebSocketDemo;
			productName = WebSocketDemo;
			productReference = 9FD1FECE1A9FB61B00C78A08 /* WebSocketDemo.app */;
			productType = "com.apple.product-type.application";
		};
		9FD1FEE21A9FB61C00C78A08 /* WebSocketDemoTests */ = {
			isa = PBXNativeTarget;
			buildConfigurationList = 9FD1FEF01A9FB61C00C78A08 /* Build configuration list for PBXNativeTarget "WebSocketDemoTests" */;
			buildPhases = (
				9FD1FEDF1A9FB61C00C78A08 /* Sources */,
				9FD1FEE01A9FB61C00C78A08 /* Frameworks */,
				9FD1FEE11A9FB61C00C78A08 /* Resources */,
			);
			buildRules = (
			);
			dependencies = (
				9FD1FEE51A9FB61C00C78A08 /* PBXTargetDependency */,
			);
			name = WebSocketDemoTests;
			productName = WebSocketDemoTests;
			productReference = 9FD1FEE31A9FB61C00C78A08 /* WebSocketDemoTests.xctest */;
			productType = "com.apple.product-type.bundle.unit-test";
		};
/* End PBXNativeTarget section */

/* Begin PBXProject section */
		9FD1FEC61A9FB61B00C78A08 /* Project object */ = {
			isa = PBXProject;
			attributes = {
				LastUpgradeCheck = 0610;
				ORGANIZATIONNAME = "Dima Cheverda";
				TargetAttributes = {
					9FD1FECD1A9FB61B00C78A08 = {
						CreatedOnToolsVersion = 6.1.1;
					};
					9FD1FEE21A9FB61C00C78A08 = {
						CreatedOnToolsVersion = 6.1.1;
						TestTargetID = 9FD1FECD1A9FB61B00C78A08;
					};
				};
			};
			buildConfigurationList = 9FD1FEC91A9FB61B00C78A08 /* Build configuration list for PBXProject "WebSocketDemo" */;
			compatibilityVersion = "Xcode 3.2";
			developmentRegion = English;
			hasScannedForEncodings = 0;
			knownRegions = (
				en,
				Base,
			);
			mainGroup = 9FD1FEC51A9FB61B00C78A08;
			productRefGroup = 9FD1FECF1A9FB61B00C78A08 /* Products */;
			projectDirPath = "";
			projectRoot = "";
			targets = (
				9FD1FECD1A9FB61B00C78A08 /* WebSocketDemo */,
				9FD1FEE21A9FB61C00C78A08 /* WebSocketDemoTests */,
			);
		};
/* End PBXProject section */

/* Begin PBXResourcesBuildPhase section */
		9FD1FECC1A9FB61B00C78A08 /* Resources */ = {
			isa = PBXResourcesBuildPhase;
			buildActionMask = 2147483647;
			files = (
				9FD1FED91A9FB61B00C78A08 /* Main.storyboard in Resources */,
				9FD1FEDE1A9FB61B00C78A08 /* LaunchScreen.xib in Resources */,
				9FD1FEDB1A9FB61B00C78A08 /* Images.xcassets in Resources */,
			);
			runOnlyForDeploymentPostprocessing = 0;
		};
		9FD1FEE11A9FB61C00C78A08 /* Resources */ = {
			isa = PBXResourcesBuildPhase;
			buildActionMask = 2147483647;
			files = (
			);
			runOnlyForDeploymentPostprocessing = 0;
		};
/* End PBXResourcesBuildPhase section */

/* Begin PBXSourcesBuildPhase section */
		9FD1FECA1A9FB61B00C78A08 /* Sources */ = {
			isa = PBXSourcesBuildPhase;
			buildActionMask = 2147483647;
			files = (
				9FD1FED61A9FB61B00C78A08 /* ViewController.swift in Sources */,
				9FD1FED41A9FB61B00C78A08 /* AppDelegate.swift in Sources */,
			);
			runOnlyForDeploymentPostprocessing = 0;
		};
		9FD1FEDF1A9FB61C00C78A08 /* Sources */ = {
			isa = PBXSourcesBuildPhase;
			buildActionMask = 2147483647;
			files = (
				9FD1FEEA1A9FB61C00C78A08 /* WebSocketDemoTests.swift in Sources */,
			);
			runOnlyForDeploymentPostprocessing = 0;
		};
/* End PBXSourcesBuildPhase section */

/* Begin PBXTargetDependency section */
		9FD1FEE51A9FB61C00C78A08 /* PBXTargetDependency */ = {
			isa = PBXTargetDependency;
			target = 9FD1FECD1A9FB61B00C78A08 /* WebSocketDemo */;
			targetProxy = 9FD1FEE41A9FB61C00C78A08 /* PBXContainerItemProxy */;
		};
/* End PBXTargetDependency section */

/* Begin PBXVariantGroup section */
		9FD1FED71A9FB61B00C78A08 /* Main.storyboard */ = {
			isa = PBXVariantGroup;
			children = (
				9FD1FED81A9FB61B00C78A08 /* Base */,
			);
			name = Main.storyboard;
			sourceTree = "<group>";
		};
		9FD1FEDC1A9FB61B00C78A08 /* LaunchScreen.xib */ = {
			isa = PBXVariantGroup;
			children = (
				9FD1FEDD1A9FB61B00C78A08 /* Base */,
			);
			name = LaunchScreen.xib;
			sourceTree = "<group>";
		};
/* End PBXVariantGroup section */

/* Begin XCBuildConfiguration section */
		9FD1FEEB1A9FB61C00C78A08 /* Debug */ = {
			isa = XCBuildConfiguration;
			buildSettings = {
				ALWAYS_SEARCH_USER_PATHS = NO;
				CLANG_CXX_LANGUAGE_STANDARD = "gnu++0x";
				CLANG_CXX_LIBRARY = "libc++";
				CLANG_ENABLE_MODULES = YES;
				CLANG_ENABLE_OBJC_ARC = YES;
				CLANG_WARN_BOOL_CONVERSION = YES;
				CLANG_WARN_CONSTANT_CONVERSION = YES;
				CLANG_WARN_DIRECT_OBJC_ISA_USAGE = YES_ERROR;
				CLANG_WARN_EMPTY_BODY = YES;
				CLANG_WARN_ENUM_CONVERSION = YES;
				CLANG_WARN_INT_CONVERSION = YES;
				CLANG_WARN_OBJC_ROOT_CLASS = YES_ERROR;
				CLANG_WARN_UNREACHABLE_CODE = YES;
				CLANG_WARN__DUPLICATE_METHOD_MATCH = YES;
				"CODE_SIGN_IDENTITY[sdk=iphoneos*]" = "iPhone Developer";
				COPY_PHASE_STRIP = NO;
				ENABLE_STRICT_OBJC_MSGSEND = YES;
				GCC_C_LANGUAGE_STANDARD = gnu99;
				GCC_DYNAMIC_NO_PIC = NO;
				GCC_OPTIMIZATION_LEVEL = 0;
				GCC_PREPROCESSOR_DEFINITIONS = (
					"DEBUG=1",
					"$(inherited)",
				);
				GCC_SYMBOLS_PRIVATE_EXTERN = NO;
				GCC_WARN_64_TO_32_BIT_CONVERSION = YES;
				GCC_WARN_ABOUT_RETURN_TYPE = YES_ERROR;
				GCC_WARN_UNDECLARED_SELECTOR = YES;
				GCC_WARN_UNINITIALIZED_AUTOS = YES_AGGRESSIVE;
				GCC_WARN_UNUSED_FUNCTION = YES;
				GCC_WARN_UNUSED_VARIABLE = YES;
				IPHONEOS_DEPLOYMENT_TARGET = 8.1;
				MTL_ENABLE_DEBUG_INFO = YES;
				ONLY_ACTIVE_ARCH = YES;
				SDKROOT = iphoneos;
				SWIFT_OPTIMIZATION_LEVEL = "-Onone";
			};
			name = Debug;
		};
		9FD1FEEC1A9FB61C00C78A08 /* Release */ = {
			isa = XCBuildConfiguration;
			buildSettings = {
				ALWAYS_SEARCH_USER_PATHS = NO;
				CLANG_CXX_LANGUAGE_STANDARD = "gnu++0x";
				CLANG_CXX_LIBRARY = "libc++";
				CLANG_ENABLE_MODULES = YES;
				CLANG_ENABLE_OBJC_ARC = YES;
				CLANG_WARN_BOOL_CONVERSION = YES;
				CLANG_WARN_CONSTANT_CONVERSION = YES;
				CLANG_WARN_DIRECT_OBJC_ISA_USAGE = YES_ERROR;
				CLANG_WARN_EMPTY_BODY = YES;
				CLANG_WARN_ENUM_CONVERSION = YES;
				CLANG_WARN_INT_CONVERSION = YES;
				CLANG_WARN_OBJC_ROOT_CLASS = YES_ERROR;
				CLANG_WARN_UNREACHABLE_CODE = YES;
				CLANG_WARN__DUPLICATE_METHOD_MATCH = YES;
				"CODE_SIGN_IDENTITY[sdk=iphoneos*]" = "iPhone Developer";
				COPY_PHASE_STRIP = YES;
				ENABLE_NS_ASSERTIONS = NO;
				ENABLE_STRICT_OBJC_MSGSEND = YES;
				GCC_C_LANGUAGE_STANDARD = gnu99;
				GCC_WARN_64_TO_32_BIT_CONVERSION = YES;
				GCC_WARN_ABOUT_RETURN_TYPE = YES_ERROR;
				GCC_WARN_UNDECLARED_SELECTOR = YES;
				GCC_WARN_UNINITIALIZED_AUTOS = YES_AGGRESSIVE;
				GCC_WARN_UNUSED_FUNCTION = YES;
				GCC_WARN_UNUSED_VARIABLE = YES;
				IPHONEOS_DEPLOYMENT_TARGET = 8.1;
				MTL_ENABLE_DEBUG_INFO = NO;
				SDKROOT = iphoneos;
				VALIDATE_PRODUCT = YES;
			};
			name = Release;
		};
		9FD1FEEE1A9FB61C00C78A08 /* Debug */ = {
			isa = XCBuildConfiguration;
			buildSettings = {
				ASSETCATALOG_COMPILER_APPICON_NAME = AppIcon;
				INFOPLIST_FILE = WebSocketDemo/Info.plist;
				LD_RUNPATH_SEARCH_PATHS = "$(inherited) @executable_path/Frameworks";
				PRODUCT_NAME = "$(TARGET_NAME)";
			};
			name = Debug;
		};
		9FD1FEEF1A9FB61C00C78A08 /* Release */ = {
			isa = XCBuildConfiguration;
			buildSettings = {
				ASSETCATALOG_COMPILER_APPICON_NAME = AppIcon;
				INFOPLIST_FILE = WebSocketDemo/Info.plist;
				LD_RUNPATH_SEARCH_PATHS = "$(inherited) @executable_path/Frameworks";
				PRODUCT_NAME = "$(TARGET_NAME)";
			};
			name = Release;
		};
		9FD1FEF11A9FB61C00C78A08 /* Debug */ = {
			isa = XCBuildConfiguration;
			buildSettings = {
				BUNDLE_LOADER = "$(TEST_HOST)";
				FRAMEWORK_SEARCH_PATHS = (
					"$(SDKROOT)/Developer/Library/Frameworks",
					"$(inherited)",
				);
				GCC_PREPROCESSOR_DEFINITIONS = (
					"DEBUG=1",
					"$(inherited)",
				);
				INFOPLIST_FILE = WebSocketDemoTests/Info.plist;
				LD_RUNPATH_SEARCH_PATHS = "$(inherited) @executable_path/Frameworks @loader_path/Frameworks";
				PRODUCT_NAME = "$(TARGET_NAME)";
				TEST_HOST = "$(BUILT_PRODUCTS_DIR)/WebSocketDemo.app/WebSocketDemo";
			};
			name = Debug;
		};
		9FD1FEF21A9FB61C00C78A08 /* Release */ = {
			isa = XCBuildConfiguration;
			buildSettings = {
				BUNDLE_LOADER = "$(TEST_HOST)";
				FRAMEWORK_SEARCH_PATHS = (
					"$(SDKROOT)/Developer/Library/Frameworks",
					"$(inherited)",
				);
				INFOPLIST_FILE = WebSocketDemoTests/Info.plist;
				LD_RUNPATH_SEARCH_PATHS = "$(inherited) @executable_path/Frameworks @loader_path/Frameworks";
				PRODUCT_NAME = "$(TARGET_NAME)";
				TEST_HOST = "$(BUILT_PRODUCTS_DIR)/WebSocketDemo.app/WebSocketDemo";
			};
			name = Release;
		};
/* End XCBuildConfiguration section */

/* Begin XCConfigurationList section */
		9FD1FEC91A9FB61B00C78A08 /* Build configuration list for PBXProject "WebSocketDemo" */ = {
			isa = XCConfigurationList;
			buildConfigurations = (
				9FD1FEEB1A9FB61C00C78A08 /* Debug */,
				9FD1FEEC1A9FB61C00C78A08 /* Release */,
			);
			defaultConfigurationIsVisible = 0;
			defaultConfigurationName = Release;
		};
		9FD1FEED1A9FB61C00C78A08 /* Build configuration list for PBXNativeTarget "WebSocketDemo" */ = {
			isa = XCConfigurationList;
			buildConfigurations = (
				9FD1FEEE1A9FB61C00C78A08 /* Debug */,
				9FD1FEEF1A9FB61C00C78A08 /* Release */,
			);
			defaultConfigurationIsVisible = 0;
		};
		9FD1FEF01A9FB61C00C78A08 /* Build configuration list for PBXNativeTarget "WebSocketDemoTests" */ = {
			isa = XCConfigurationList;
			buildConfigurations = (
				9FD1FEF11A9FB61C00C78A08 /* Debug */,
				9FD1FEF21A9FB61C00C78A08 /* Release */,
			);
			defaultConfigurationIsVisible = 0;
		};
/* End XCConfigurationList section */
	};
	rootObject = 9FD1FEC61A9FB61B00C78A08 /* Project object */;
}
